{
  "name": "date-picker-tutorail",
  "version": "0.1.0",
  "lockfileVersion": 1,
  "requires": true,
  "dependencies": {
    "colors.css": {
      "version": "2.3.0",
      "resolved": "https://registry.npmjs.org/colors.css/-/colors.css-2.3.0.tgz",
      "integrity": "sha1-6JU4N1Q+GdmOKRf/C5mPbbKGITs=",
      "dev": true
    },
    "highlight.js": {
      "version": "10.7.2",
      "resolved": "https://registry.npmjs.org/highlight.js/-/highlight.js-10.7.2.tgz",
      "integrity": "sha512-oFLl873u4usRM9K63j4ME9u3etNF0PLiJhSQ8rdfuL51Wn3zkD6drf9ZW0dOzjnZI22YYG24z30JcmfCZjMgYg==",
      "dev": true
    },
    "marked": {
      "version": "2.0.3",
      "resolved": "https://registry.npmjs.org/marked/-/marked-2.0.3.tgz",
      "integrity": "sha512-5otztIIcJfPc2qGTN8cVtOJEjNJZ0jwa46INMagrYfk0EvqtRuEHLsEe0LrFS0/q+ZRKT0+kXK7P2T1AN5lWRA==",
      "dev": true
    },
    "meathill-reveal-theme": {
      "version": "0.2.2",
      "resolved": "https://registry.npmjs.org/meathill-reveal-theme/-/meathill-reveal-theme-0.2.2.tgz",
      "integrity": "sha512-vNIEjF3Lrkxp53kyiRtUw+CabH8liZvXcg8L/qgE3UDosfE6PRk9DqOviPZfR9K8fRh1/YBmQGZYEczXH56wFQ==",
      "dev": true,
      "requires": {
        "colors.css": "^2.3.0"
      }
    },
    "reveal.js": {
      "version": "4.1.0",
      "resolved": "https://registry.npmjs.org/reveal.js/-/reveal.js-4.1.0.tgz",
      "integrity": "sha512-lYOMhxSWgq5jtgspF7eRL0d2rBnHO/VGZ4/qp46yu+eGoWqJkYHEuepEXzx71M8MI6Rf8HBYWaTnKi5uHWcU1Q==",
      "dev": true
    }
  }
}
