lockfileVersion: '6.0'

settings:
  autoInstallPeers: true
  excludeLinksFromLockfile: false

devDependencies:
  highlight.js:
    specifier: ^11.4.0
    version: 11.4.0
  marked:
    specifier: ^4.0.10
    version: 4.0.10
  meathill-reveal-theme:
    specifier: ^0.2.2
    version: 0.2.2
  reveal.js:
    specifier: ^4.3.0
    version: 4.3.0

packages:

  /colors.css@2.3.0:
    resolution: {integrity: sha1-6JU4N1Q+GdmOKRf/C5mPbbKGITs=}
    engines: {node: '>=0.10.22'}
    dev: true

  /highlight.js@11.4.0:
    resolution: {integrity: sha512-nawlpCBCSASs7EdvZOYOYVkJpGmAOKMYZgZtUqSRqodZE0GRVcFKwo1RcpeOemqh9hyttTdd5wDBwHkuSyUfnA==}
    engines: {node: '>=12.0.0'}
    dev: true

  /marked@4.0.10:
    resolution: {integrity: sha512-+QvuFj0nGgO970fySghXGmuw+Fd0gD2x3+MqCWLIPf5oxdv1Ka6b2q+z9RP01P/IaKPMEramy+7cNy/Lw8c3hw==}
    engines: {node: '>= 12'}
    hasBin: true
    dev: true

  /meathill-reveal-theme@0.2.2:
    resolution: {integrity: sha512-vNIEjF3Lrkxp53kyiRtUw+CabH8liZvXcg8L/qgE3UDosfE6PRk9DqOviPZfR9K8fRh1/YBmQGZYEczXH56wFQ==}
    dependencies:
      colors.css: 2.3.0
    dev: true

  /reveal.js@4.3.0:
    resolution: {integrity: sha512-KzZxJjj1gmxVNyplY6g9MiGwtDvZJiYkMvG1Qmaita7vWT/8eoTEK+RuIPLvxDeyxOtTz56u2wrOETVO79qL4A==}
    engines: {node: '>=10.0.0'}
    dev: true
