lockfileVersion: '6.0'

settings:
  autoInstallPeers: true
  excludeLinksFromLockfile: false

devDependencies:
  highlight.js:
    specifier: ^11.8.0
    version: 11.8.0
  marked:
    specifier: ^7.0.3
    version: 7.0.3
  meathill-reveal-theme:
    specifier: ^0.2.2
    version: 0.2.2
  reveal.js:
    specifier: ^4.5.0
    version: 4.5.0

packages:

  /colors.css@2.3.0:
    resolution: {integrity: sha512-E+RcMAceA0XwvmHdhy1TqwDLNrj8nXj6mCWTfLsNyW/wGr9TEj54AJ1/qh/VTcmZxMeSmRw3hIZv/Qf45qZwig==}
    engines: {node: '>=0.10.22'}
    dev: true

  /highlight.js@11.8.0:
    resolution: {integrity: sha512-MedQhoqVdr0U6SSnWPzfiadUcDHfN/Wzq25AkXiQv9oiOO/sG0S7XkvpFIqWBl9Yq1UYyYOOVORs5UW2XlPyzg==}
    engines: {node: '>=12.0.0'}
    dev: true

  /marked@7.0.3:
    resolution: {integrity: sha512-ev2uM40p0zQ/GbvqotfKcSWEa59fJwluGZj5dcaUOwDRrB1F3dncdXy8NWUApk4fi8atU3kTBOwjyjZ0ud0dxw==}
    engines: {node: '>= 16'}
    hasBin: true
    dev: true

  /meathill-reveal-theme@0.2.2:
    resolution: {integrity: sha512-vNIEjF3Lrkxp53kyiRtUw+CabH8liZvXcg8L/qgE3UDosfE6PRk9DqOviPZfR9K8fRh1/YBmQGZYEczXH56wFQ==}
    dependencies:
      colors.css: 2.3.0
    dev: true

  /reveal.js@4.5.0:
    resolution: {integrity: sha512-Lx1hUWhJR7Y7ScQNyGt7TFzxeviDAswK2B0cn9RwbPZogTMRgS8+FTr+/12KNHOegjvWKH0H0EGwBARNDPTgWQ==}
    engines: {node: '>=10.0.0'}
    dev: true
